// !$*UTF8*$!
{
	archiveVersion = 1;
	classes = {
	};
	objectVersion = 46;
	objects = {

/* Begin PBXBuildFile section */
		845264731CAA16120043348A /* main.m in Sources */ = {isa = PBXBuildFile; fileRef = 845264721CAA16120043348A /* main.m */; };
		845264761CAA16120043348A /* AppDelegate.m in Sources */ = {isa = PBXBuildFile; fileRef = 845264751CAA16120043348A /* AppDelegate.m */; };
		845264791CAA16120043348A /* ViewController.m in Sources */ = {isa = PBXBuildFile; fileRef = 845264781CAA16120043348A /* ViewController.m */; };
		8452647C1CAA16120043348A /* Main.storyboard in Resources */ = {isa = PBXBuildFile; fileRef = 8452647A1CAA16120043348A /* Main.storyboard */; };
		8452647E1CAA16120043348A /* Assets.xcassets in Resources */ = {isa = PBXBuildFile; fileRef = 8452647D1CAA16120043348A /* Assets.xcassets */; };
		845264811CAA16120043348A /* LaunchScreen.storyboard in Resources */ = {isa = PBXBuildFile; fileRef = 8452647F1CAA16120043348A /* LaunchScreen.storyboard */; };
		8452648A1CAA16FB0043348A /* PopView.m in Sources */ = {isa = PBXBuildFile; fileRef = 845264891CAA16FB0043348A /* PopView.m */; };
		845264901CAA5B590043348A /* ViewController2.m in Sources */ = {isa = PBXBuildFile; fileRef = 8452648F1CAA5B590043348A /* ViewController2.m */; };
/* End PBXBuildFile section */

/* Begin PBXFileReference section */
		8452646E1CAA16120043348A /* testDemo.app */ = {isa = PBXFileReference; explicitFileType = wrapper.application; includeInIndex = 0; path = testDemo.app; sourceTree = BUILT_PRODUCTS_DIR; };
		845264721CAA16120043348A /* main.m */ = {isa = PBXFileReference; lastKnownFileType = sourcecode.c.objc; path = main.m; sourceTree = "<group>"; };
		845264741CAA16120043348A /* AppDelegate.h */ = {isa = PBXFileReference; lastKnownFileType = sourcecode.c.h; path = AppDelegate.h; sourceTree = "<group>"; };
		845264751CAA16120043348A /* AppDelegate.m */ = {isa = PBXFileReference; lastKnownFileType = sourcecode.c.objc; path = AppDelegate.m; sourceTree = "<group>"; };
		845264771CAA16120043348A /* ViewController.h */ = {isa = PBXFileReference; lastKnownFileType = sourcecode.c.h; path = ViewController.h; sourceTree = "<group>"; };
		845264781CAA16120043348A /* ViewController.m */ = {isa = PBXFileReference; lastKnownFileType = sourcecode.c.objc; path = ViewController.m; sourceTree = "<group>"; };
		8452647B1CAA16120043348A /* Base */ = {isa = PBXFileReference; lastKnownFileType = file.storyboard; name = Base; path = Base.lproj/Main.storyboard; sourceTree = "<group>"; };
		8452647D1CAA16120043348A /* Assets.xcassets */ = {isa = PBXFileReference; lastKnownFileType = folder.assetcatalog; path = Assets.xcassets; sourceTree = "<group>"; };
		845264801CAA16120043348A /* Base */ = {isa = PBXFileReference; lastKnownFileType = file.storyboard; name = Base; path = Base.lproj/LaunchScreen.storyboard; sourceTree = "<group>"; };
		845264821CAA16120043348A /* Info.plist */ = {isa = PBXFileReference; lastKnownFileType = text.plist.xml; path = Info.plist; sourceTree = "<group>"; };
		845264881CAA16FB0043348A /* PopView.h */ = {isa = PBXFileReference; fileEncoding = 4; lastKnownFileType = sourcecode.c.h; path = PopView.h; sourceTree = "<group>"; };
		845264891CAA16FB0043348A /* PopView.m */ = {isa = PBXFileReference; fileEncoding = 4; lastKnownFileType = sourcecode.c.objc; path = PopView.m; sourceTree = "<group>"; };
		8452648E1CAA5B590043348A /* ViewController2.h */ = {isa = PBXFileReference; fileEncoding = 4; lastKnownFileType = sourcecode.c.h; path = ViewController2.h; sourceTree = "<group>"; };
		8452648F1CAA5B590043348A /* ViewController2.m */ = {isa = PBXFileReference; fileEncoding = 4; lastKnownFileType = sourcecode.c.objc; path = ViewController2.m; sourceTree = "<group>"; };
/* End PBXFileReference section */

/* Begin PBXFrameworksBuildPhase section */
		8452646B1CAA16120043348A /* Frameworks */ = {
			isa = PBXFrameworksBuildPhase;
			buildActionMask = 2147483647;
			files = (
			);
			runOnlyForDeploymentPostprocessing = 0;
		};
/* End PBXFrameworksBuildPhase section */

/* Begin PBXGroup section */
		845264651CAA16120043348A = {
			isa = PBXGroup;
			children = (
				845264701CAA16120043348A /* testDemo */,
				8452646F1CAA16120043348A /* Products */,
			);
			sourceTree = "<group>";
		};
		8452646F1CAA16120043348A /* Products */ = {
			isa = PBXGroup;
			children = (
				8452646E1CAA16120043348A /* testDemo.app */,
			);
			name = Products;
			sourceTree = "<group>";
		};
		845264701CAA16120043348A /* testDemo */ = {
			isa = PBXGroup;
			children = (
				845264741CAA16120043348A /* AppDelegate.h */,
				845264751CAA16120043348A /* AppDelegate.m */,
				845264771CAA16120043348A /* ViewController.h */,
				845264781CAA16120043348A /* ViewController.m */,
				8452648E1CAA5B590043348A /* ViewController2.h */,
				8452648F1CAA5B590043348A /* ViewController2.m */,
				845264881CAA16FB0043348A /* PopView.h */,
				845264891CAA16FB0043348A /* PopView.m */,
				8452647A1CAA16120043348A /* Main.storyboard */,
				8452647D1CAA16120043348A /* Assets.xcassets */,
				8452647F1CAA16120043348A /* LaunchScreen.storyboard */,
				845264821CAA16120043348A /* Info.plist */,
				845264711CAA16120043348A /* Supporting Files */,
			);
			path = testDemo;
			sourceTree = "<group>";
		};
		845264711CAA16120043348A /* Supporting Files */ = {
			isa = PBXGroup;
			children = (
				845264721CAA16120043348A /* main.m */,
			);
			name = "Supporting Files";
			sourceTree = "<group>";
		};
/* End PBXGroup section */

/* Begin PBXNativeTarget section */
		8452646D1CAA16120043348A /* testDemo */ = {
			isa = PBXNativeTarget;
			buildConfigurationList = 845264851CAA16120043348A /* Build configuration list for PBXNativeTarget "testDemo" */;
			buildPhases = (
				8452646A1CAA16120043348A /* Sources */,
				8452646B1CAA16120043348A /* Frameworks */,
				8452646C1CAA16120043348A /* Resources */,
			);
			buildRules = (
			);
			dependencies = (
			);
			name = testDemo;
			productName = testDemo;
			productReference = 8452646E1CAA16120043348A /* testDemo.app */;
			productType = "com.apple.product-type.application";
		};
/* End PBXNativeTarget section */

/* Begin PBXProject section */
		845264661CAA16120043348A /* Project object */ = {
			isa = PBXProject;
			attributes = {
				LastUpgradeCheck = 0730;
				ORGANIZATIONNAME = admin;
				TargetAttributes = {
					8452646D1CAA16120043348A = {
						CreatedOnToolsVersion = 7.3;
					};
				};
			};
			buildConfigurationList = 845264691CAA16120043348A /* Build configuration list for PBXProject "testDemo" */;
			compatibilityVersion = "Xcode 3.2";
			developmentRegion = English;
			hasScannedForEncodings = 0;
			knownRegions = (
				en,
				Base,
			);
			mainGroup = 845264651CAA16120043348A;
			productRefGroup = 8452646F1CAA16120043348A /* Products */;
			projectDirPath = "";
			projectRoot = "";
			targets = (
				8452646D1CAA16120043348A /* testDemo */,
			);
		};
/* End PBXProject section */

/* Begin PBXResourcesBuildPhase section */
		8452646C1CAA16120043348A /* Resources */ = {
			isa = PBXResourcesBuildPhase;
			buildActionMask = 2147483647;
			files = (
				845264811CAA16120043348A /* LaunchScreen.storyboard in Resources */,
				8452647E1CAA16120043348A /* Assets.xcassets in Resources */,
				8452647C1CAA16120043348A /* Main.storyboard in Resources */,
			);
			runOnlyForDeploymentPostprocessing = 0;
		};
/* End PBXResourcesBuildPhase section */

/* Begin PBXSourcesBuildPhase section */
		8452646A1CAA16120043348A /* Sources */ = {
			isa = PBXSourcesBuildPhase;
			buildActionMask = 2147483647;
			files = (
				845264791CAA16120043348A /* ViewController.m in Sources */,
				845264761CAA16120043348A /* AppDelegate.m in Sources */,
				845264901CAA5B590043348A /* ViewController2.m in Sources */,
				8452648A1CAA16FB0043348A /* PopView.m in Sources */,
				845264731CAA16120043348A /* main.m in Sources */,
			);
			runOnlyForDeploymentPostprocessing = 0;
		};
/* End PBXSourcesBuildPhase section */

/* Begin PBXVariantGroup section */
		8452647A1CAA16120043348A /* Main.storyboard */ = {
			isa = PBXVariantGroup;
			children = (
				8452647B1CAA16120043348A /* Base */,
			);
			name = Main.storyboard;
			sourceTree = "<group>";
		};
		8452647F1CAA16120043348A /* LaunchScreen.storyboard */ = {
			isa = PBXVariantGroup;
			children = (
				845264801CAA16120043348A /* Base */,
			);
			name = LaunchScreen.storyboard;
			sourceTree = "<group>";
		};
/* End PBXVariantGroup section */

/* Begin XCBuildConfiguration section */
		845264831CAA16120043348A /* Debug */ = {
			isa = XCBuildConfiguration;
			buildSettings = {
				ALWAYS_SEARCH_USER_PATHS = NO;
				CLANG_ANALYZER_NONNULL = YES;
				CLANG_CXX_LANGUAGE_STANDARD = "gnu++0x";
				CLANG_CXX_LIBRARY = "libc++";
				CLANG_ENABLE_MODULES = YES;
				CLANG_ENABLE_OBJC_ARC = YES;
				CLANG_WARN_BOOL_CONVERSION = YES;
				CLANG_WARN_CONSTANT_CONVERSION = YES;
				CLANG_WARN_DIRECT_OBJC_ISA_USAGE = YES_ERROR;
				CLANG_WARN_EMPTY_BODY = YES;
				CLANG_WARN_ENUM_CONVERSION = YES;
				CLANG_WARN_INT_CONVERSION = YES;
				CLANG_WARN_OBJC_ROOT_CLASS = YES_ERROR;
				CLANG_WARN_UNREACHABLE_CODE = YES;
				CLANG_WARN__DUPLICATE_METHOD_MATCH = YES;
				"CODE_SIGN_IDENTITY[sdk=iphoneos*]" = "iPhone Developer";
				COPY_PHASE_STRIP = NO;
				DEBUG_INFORMATION_FORMAT = dwarf;
				ENABLE_STRICT_OBJC_MSGSEND = YES;
				ENABLE_TESTABILITY = YES;
				GCC_C_LANGUAGE_STANDARD = gnu99;
				GCC_DYNAMIC_NO_PIC = NO;
				GCC_NO_COMMON_BLOCKS = YES;
				GCC_OPTIMIZATION_LEVEL = 0;
				GCC_PREPROCESSOR_DEFINITIONS = (
					"DEBUG=1",
					"$(inherited)",
				);
				GCC_WARN_64_TO_32_BIT_CONVERSION = YES;
				GCC_WARN_ABOUT_RETURN_TYPE = YES_ERROR;
				GCC_WARN_UNDECLARED_SELECTOR = YES;
				GCC_WARN_UNINITIALIZED_AUTOS = YES_AGGRESSIVE;
				GCC_WARN_UNUSED_FUNCTION = YES;
				GCC_WARN_UNUSED_VARIABLE = YES;
				IPHONEOS_DEPLOYMENT_TARGET = 9.3;
				MTL_ENABLE_DEBUG_INFO = YES;
				ONLY_ACTIVE_ARCH = YES;
				SDKROOT = iphoneos;
			};
			name = Debug;
		};
		845264841CAA16120043348A /* Release */ = {
			isa = XCBuildConfiguration;
			buildSettings = {
				ALWAYS_SEARCH_USER_PATHS = NO;
				CLANG_ANALYZER_NONNULL = YES;
				CLANG_CXX_LANGUAGE_STANDARD = "gnu++0x";
				CLANG_CXX_LIBRARY = "libc++";
				CLANG_ENABLE_MODULES = YES;
				CLANG_ENABLE_OBJC_ARC = YES;
				CLANG_WARN_BOOL_CONVERSION = YES;
				CLANG_WARN_CONSTANT_CONVERSION = YES;
				CLANG_WARN_DIRECT_OBJC_ISA_USAGE = YES_ERROR;
				CLANG_WARN_EMPTY_BODY = YES;
				CLANG_WARN_ENUM_CONVERSION = YES;
				CLANG_WARN_INT_CONVERSION = YES;
				CLANG_WARN_OBJC_ROOT_CLASS = YES_ERROR;
				CLANG_WARN_UNREACHABLE_CODE = YES;
				CLANG_WARN__DUPLICATE_METHOD_MATCH = YES;
				"CODE_SIGN_IDENTITY[sdk=iphoneos*]" = "iPhone Developer";
				COPY_PHASE_STRIP = NO;
				DEBUG_INFORMATION_FORMAT = "dwarf-with-dsym";
				ENABLE_NS_ASSERTIONS = NO;
				ENABLE_STRICT_OBJC_MSGSEND = YES;
				GCC_C_LANGUAGE_STANDARD = gnu99;
				GCC_NO_COMMON_BLOCKS = YES;
				GCC_WARN_64_TO_32_BIT_CONVERSION = YES;
				GCC_WARN_ABOUT_RETURN_TYPE = YES_ERROR;
				GCC_WARN_UNDECLARED_SELECTOR = YES;
				GCC_WARN_UNINITIALIZED_AUTOS = YES_AGGRESSIVE;
				GCC_WARN_UNUSED_FUNCTION = YES;
				GCC_WARN_UNUSED_VARIABLE = YES;
				IPHONEOS_DEPLOYMENT_TARGET = 9.3;
				MTL_ENABLE_DEBUG_INFO = NO;
				SDKROOT = iphoneos;
				VALIDATE_PRODUCT = YES;
			};
			name = Release;
		};
		845264861CAA16120043348A /* Debug */ = {
			isa = XCBuildConfiguration;
			buildSettings = {
				ASSETCATALOG_COMPILER_APPICON_NAME = AppIcon;
				INFOPLIST_FILE = testDemo/Info.plist;
				LD_RUNPATH_SEARCH_PATHS = "$(inherited) @executable_path/Frameworks";
				PRODUCT_BUNDLE_IDENTIFIER = Auto.testDemo;
				PRODUCT_NAME = "$(TARGET_NAME)";
			};
			name = Debug;
		};
		845264871CAA16120043348A /* Release */ = {
			isa = XCBuildConfiguration;
			buildSettings = {
				ASSETCATALOG_COMPILER_APPICON_NAME = AppIcon;
				INFOPLIST_FILE = testDemo/Info.plist;
				LD_RUNPATH_SEARCH_PATHS = "$(inherited) @executable_path/Frameworks";
				PRODUCT_BUNDLE_IDENTIFIER = Auto.testDemo;
				PRODUCT_NAME = "$(TARGET_NAME)";
			};
			name = Release;
		};
/* End XCBuildConfiguration section */

/* Begin XCConfigurationList section */
		845264691CAA16120043348A /* Build configuration list for PBXProject "testDemo" */ = {
			isa = XCConfigurationList;
			buildConfigurations = (
				845264831CAA16120043348A /* Debug */,
				845264841CAA16120043348A /* Release */,
			);
			defaultConfigurationIsVisible = 0;
			defaultConfigurationName = Release;
		};
		845264851CAA16120043348A /* Build configuration list for PBXNativeTarget "testDemo" */ = {
			isa = XCConfigurationList;
			buildConfigurations = (
				845264861CAA16120043348A /* Debug */,
				845264871CAA16120043348A /* Release */,
			);
			defaultConfigurationIsVisible = 0;
		};
/* End XCConfigurationList section */
	};
	rootObject = 845264661CAA16120043348A /* Project object */;
}
